
Microsoft Visual Studio Solution File, Format Version 12.00
# Visual Studio Version 17
VisualStudioVersion = 17.0.31903.59
MinimumVisualStudioVersion = 10.0.40219.1
Project("{2150E333-8FDC-42A3-9474-1A3956D46DE8}") = "src", "src", "{827E0CD3-B72D-47B6-A68D-7590B98EB39B}"
EndProject
Project("{FAE04EC0-301F-11D3-BF4B-00C04F79EFBC}") = "Server.Domain", "src\Server.Domain\Server.Domain.csproj", "{98A4FC5C-0263-4812-8D38-2C570957597E}"
EndProject
Project("{FAE04EC0-301F-11D3-BF4B-00C04F79EFBC}") = "Server.Application", "src\Server.Application\Server.Application.csproj", "{E71BB3AA-D8F1-4434-A86D-C94E9F0AF3CE}"
EndProject
Project("{FAE04EC0-301F-11D3-BF4B-00C04F79EFBC}") = "Server.Persistence", "src\Server.Persistence\Server.Persistence.csproj", "{434919B4-A095-4B1C-AFB8-E83F9921DB00}"
EndProject
Project("{FAE04EC0-301F-11D3-BF4B-00C04F79EFBC}") = "Server.Infrastructure", "src\Server.Infrastructure\Server.Infrastructure.csproj", "{811AB498-BB6D-46AE-A5B0-CFBA96C7F503}"
EndProject
Project("{FAE04EC0-301F-11D3-BF4B-00C04F79EFBC}") = "Server.Presentation", "src\Server.Presentation\Server.Presentation.csproj", "{F112AAA1-67F5-4F60-963A-32930AC58284}"
EndProject
Project("{FAE04EC0-301F-11D3-BF4B-00C04F79EFBC}") = "Server.WebApi", "src\Server.WebApi\Server.WebApi.csproj", "{A4C20F96-20AD-40C7-90AB-6E1E972E02BE}"
EndProject
Project("{2150E333-8FDC-42A3-9474-1A3956D46DE8}") = "tests", "tests", "{0AB3BF05-4346-4AA6-1389-037BE0695223}"
EndProject
Project("{FAE04EC0-301F-11D3-BF4B-00C04F79EFBC}") = "Server.Domain.Tests", "tests\Server.Domain.Tests\Server.Domain.Tests.csproj", "{3EDFD2A6-5E72-4EDB-95DC-289B3DC488A7}"
EndProject
Project("{FAE04EC0-301F-11D3-BF4B-00C04F79EFBC}") = "Server.Application.Tests", "tests\Server.Application.Tests\Server.Application.Tests.csproj", "{F0FA5C4B-50D9-4DB3-934C-30CA0E429C31}"
EndProject
Project("{FAE04EC0-301F-11D3-BF4B-00C04F79EFBC}") = "Server.Persistence.Tests", "tests\Server.Persistence.Tests\Server.Persistence.Tests.csproj", "{5960EE98-AD05-4900-9A55-3FE9C2D04078}"
EndProject
Project("{FAE04EC0-301F-11D3-BF4B-00C04F79EFBC}") = "Server.Infrastructure.Tests", "tests\Server.Infrastructure.Tests\Server.Infrastructure.Tests.csproj", "{D5F60017-2FB2-4227-8922-85E3996C3EFA}"
EndProject
Project("{FAE04EC0-301F-11D3-BF4B-00C04F79EFBC}") = "Server.Presentation.Tests", "tests\Server.Presentation.Tests\Server.Presentation.Tests.csproj", "{B67E5176-C195-4D90-BA7C-F6538FBF5C20}"
EndProject
Project("{FAE04EC0-301F-11D3-BF4B-00C04F79EFBC}") = "Server.WebApi.Tests", "tests\Server.WebApi.Tests\Server.WebApi.Tests.csproj", "{664BC7AD-E4C8-4394-92E9-CF95A4AD7467}"
EndProject
Global
	GlobalSection(SolutionConfigurationPlatforms) = preSolution
		Debug|Any CPU = Debug|Any CPU
		Debug|x64 = Debug|x64
		Debug|x86 = Debug|x86
		Release|Any CPU = Release|Any CPU
		Release|x64 = Release|x64
		Release|x86 = Release|x86
	EndGlobalSection
	GlobalSection(ProjectConfigurationPlatforms) = postSolution
		{98A4FC5C-0263-4812-8D38-2C570957597E}.Debug|Any CPU.ActiveCfg = Debug|Any CPU
		{98A4FC5C-0263-4812-8D38-2C570957597E}.Debug|Any CPU.Build.0 = Debug|Any CPU
		{98A4FC5C-0263-4812-8D38-2C570957597E}.Debug|x64.ActiveCfg = Debug|Any CPU
		{98A4FC5C-0263-4812-8D38-2C570957597E}.Debug|x64.Build.0 = Debug|Any CPU
		{98A4FC5C-0263-4812-8D38-2C570957597E}.Debug|x86.ActiveCfg = Debug|Any CPU
		{98A4FC5C-0263-4812-8D38-2C570957597E}.Debug|x86.Build.0 = Debug|Any CPU
		{98A4FC5C-0263-4812-8D38-2C570957597E}.Release|Any CPU.ActiveCfg = Release|Any CPU
		{98A4FC5C-0263-4812-8D38-2C570957597E}.Release|Any CPU.Build.0 = Release|Any CPU
		{98A4FC5C-0263-4812-8D38-2C570957597E}.Release|x64.ActiveCfg = Release|Any CPU
		{98A4FC5C-0263-4812-8D38-2C570957597E}.Release|x64.Build.0 = Release|Any CPU
		{98A4FC5C-0263-4812-8D38-2C570957597E}.Release|x86.ActiveCfg = Release|Any CPU
		{98A4FC5C-0263-4812-8D38-2C570957597E}.Release|x86.Build.0 = Release|Any CPU
		{E71BB3AA-D8F1-4434-A86D-C94E9F0AF3CE}.Debug|Any CPU.ActiveCfg = Debug|Any CPU
		{E71BB3AA-D8F1-4434-A86D-C94E9F0AF3CE}.Debug|Any CPU.Build.0 = Debug|Any CPU
		{E71BB3AA-D8F1-4434-A86D-C94E9F0AF3CE}.Debug|x64.ActiveCfg = Debug|Any CPU
		{E71BB3AA-D8F1-4434-A86D-C94E9F0AF3CE}.Debug|x64.Build.0 = Debug|Any CPU
		{E71BB3AA-D8F1-4434-A86D-C94E9F0AF3CE}.Debug|x86.ActiveCfg = Debug|Any CPU
		{E71BB3AA-D8F1-4434-A86D-C94E9F0AF3CE}.Debug|x86.Build.0 = Debug|Any CPU
		{E71BB3AA-D8F1-4434-A86D-C94E9F0AF3CE}.Release|Any CPU.ActiveCfg = Release|Any CPU
		{E71BB3AA-D8F1-4434-A86D-C94E9F0AF3CE}.Release|Any CPU.Build.0 = Release|Any CPU
		{E71BB3AA-D8F1-4434-A86D-C94E9F0AF3CE}.Release|x64.ActiveCfg = Release|Any CPU
		{E71BB3AA-D8F1-4434-A86D-C94E9F0AF3CE}.Release|x64.Build.0 = Release|Any CPU
		{E71BB3AA-D8F1-4434-A86D-C94E9F0AF3CE}.Release|x86.ActiveCfg = Release|Any CPU
		{E71BB3AA-D8F1-4434-A86D-C94E9F0AF3CE}.Release|x86.Build.0 = Release|Any CPU
		{434919B4-A095-4B1C-AFB8-E83F9921DB00}.Debug|Any CPU.ActiveCfg = Debug|Any CPU
		{434919B4-A095-4B1C-AFB8-E83F9921DB00}.Debug|Any CPU.Build.0 = Debug|Any CPU
		{434919B4-A095-4B1C-AFB8-E83F9921DB00}.Debug|x64.ActiveCfg = Debug|Any CPU
		{434919B4-A095-4B1C-AFB8-E83F9921DB00}.Debug|x64.Build.0 = Debug|Any CPU
		{434919B4-A095-4B1C-AFB8-E83F9921DB00}.Debug|x86.ActiveCfg = Debug|Any CPU
		{434919B4-A095-4B1C-AFB8-E83F9921DB00}.Debug|x86.Build.0 = Debug|Any CPU
		{434919B4-A095-4B1C-AFB8-E83F9921DB00}.Release|Any CPU.ActiveCfg = Release|Any CPU
		{434919B4-A095-4B1C-AFB8-E83F9921DB00}.Release|Any CPU.Build.0 = Release|Any CPU
		{434919B4-A095-4B1C-AFB8-E83F9921DB00}.Release|x64.ActiveCfg = Release|Any CPU
		{434919B4-A095-4B1C-AFB8-E83F9921DB00}.Release|x64.Build.0 = Release|Any CPU
		{434919B4-A095-4B1C-AFB8-E83F9921DB00}.Release|x86.ActiveCfg = Release|Any CPU
		{434919B4-A095-4B1C-AFB8-E83F9921DB00}.Release|x86.Build.0 = Release|Any CPU
		{811AB498-BB6D-46AE-A5B0-CFBA96C7F503}.Debug|Any CPU.ActiveCfg = Debug|Any CPU
		{811AB498-BB6D-46AE-A5B0-CFBA96C7F503}.Debug|Any CPU.Build.0 = Debug|Any CPU
		{811AB498-BB6D-46AE-A5B0-CFBA96C7F503}.Debug|x64.ActiveCfg = Debug|Any CPU
		{811AB498-BB6D-46AE-A5B0-CFBA96C7F503}.Debug|x64.Build.0 = Debug|Any CPU
		{811AB498-BB6D-46AE-A5B0-CFBA96C7F503}.Debug|x86.ActiveCfg = Debug|Any CPU
		{811AB498-BB6D-46AE-A5B0-CFBA96C7F503}.Debug|x86.Build.0 = Debug|Any CPU
		{811AB498-BB6D-46AE-A5B0-CFBA96C7F503}.Release|Any CPU.ActiveCfg = Release|Any CPU
		{811AB498-BB6D-46AE-A5B0-CFBA96C7F503}.Release|Any CPU.Build.0 = Release|Any CPU
		{811AB498-BB6D-46AE-A5B0-CFBA96C7F503}.Release|x64.ActiveCfg = Release|Any CPU
		{811AB498-BB6D-46AE-A5B0-CFBA96C7F503}.Release|x64.Build.0 = Release|Any CPU
		{811AB498-BB6D-46AE-A5B0-CFBA96C7F503}.Release|x86.ActiveCfg = Release|Any CPU
		{811AB498-BB6D-46AE-A5B0-CFBA96C7F503}.Release|x86.Build.0 = Release|Any CPU
		{F112AAA1-67F5-4F60-963A-32930AC58284}.Debug|Any CPU.ActiveCfg = Debug|Any CPU
		{F112AAA1-67F5-4F60-963A-32930AC58284}.Debug|Any CPU.Build.0 = Debug|Any CPU
		{F112AAA1-67F5-4F60-963A-32930AC58284}.Debug|x64.ActiveCfg = Debug|Any CPU
		{F112AAA1-67F5-4F60-963A-32930AC58284}.Debug|x64.Build.0 = Debug|Any CPU
		{F112AAA1-67F5-4F60-963A-32930AC58284}.Debug|x86.ActiveCfg = Debug|Any CPU
		{F112AAA1-67F5-4F60-963A-32930AC58284}.Debug|x86.Build.0 = Debug|Any CPU
		{F112AAA1-67F5-4F60-963A-32930AC58284}.Release|Any CPU.ActiveCfg = Release|Any CPU
		{F112AAA1-67F5-4F60-963A-32930AC58284}.Release|Any CPU.Build.0 = Release|Any CPU
		{F112AAA1-67F5-4F60-963A-32930AC58284}.Release|x64.ActiveCfg = Release|Any CPU
		{F112AAA1-67F5-4F60-963A-32930AC58284}.Release|x64.Build.0 = Release|Any CPU
		{F112AAA1-67F5-4F60-963A-32930AC58284}.Release|x86.ActiveCfg = Release|Any CPU
		{F112AAA1-67F5-4F60-963A-32930AC58284}.Release|x86.Build.0 = Release|Any CPU
		{A4C20F96-20AD-40C7-90AB-6E1E972E02BE}.Debug|Any CPU.ActiveCfg = Debug|Any CPU
		{A4C20F96-20AD-40C7-90AB-6E1E972E02BE}.Debug|Any CPU.Build.0 = Debug|Any CPU
		{A4C20F96-20AD-40C7-90AB-6E1E972E02BE}.Debug|x64.ActiveCfg = Debug|Any CPU
		{A4C20F96-20AD-40C7-90AB-6E1E972E02BE}.Debug|x64.Build.0 = Debug|Any CPU
		{A4C20F96-20AD-40C7-90AB-6E1E972E02BE}.Debug|x86.ActiveCfg = Debug|Any CPU
		{A4C20F96-20AD-40C7-90AB-6E1E972E02BE}.Debug|x86.Build.0 = Debug|Any CPU
		{A4C20F96-20AD-40C7-90AB-6E1E972E02BE}.Release|Any CPU.ActiveCfg = Release|Any CPU
		{A4C20F96-20AD-40C7-90AB-6E1E972E02BE}.Release|Any CPU.Build.0 = Release|Any CPU
		{A4C20F96-20AD-40C7-90AB-6E1E972E02BE}.Release|x64.ActiveCfg = Release|Any CPU
		{A4C20F96-20AD-40C7-90AB-6E1E972E02BE}.Release|x64.Build.0 = Release|Any CPU
		{A4C20F96-20AD-40C7-90AB-6E1E972E02BE}.Release|x86.ActiveCfg = Release|Any CPU
		{A4C20F96-20AD-40C7-90AB-6E1E972E02BE}.Release|x86.Build.0 = Release|Any CPU
		{3EDFD2A6-5E72-4EDB-95DC-289B3DC488A7}.Debug|Any CPU.ActiveCfg = Debug|Any CPU
		{3EDFD2A6-5E72-4EDB-95DC-289B3DC488A7}.Debug|Any CPU.Build.0 = Debug|Any CPU
		{3EDFD2A6-5E72-4EDB-95DC-289B3DC488A7}.Debug|x64.ActiveCfg = Debug|Any CPU
		{3EDFD2A6-5E72-4EDB-95DC-289B3DC488A7}.Debug|x64.Build.0 = Debug|Any CPU
		{3EDFD2A6-5E72-4EDB-95DC-289B3DC488A7}.Debug|x86.ActiveCfg = Debug|Any CPU
		{3EDFD2A6-5E72-4EDB-95DC-289B3DC488A7}.Debug|x86.Build.0 = Debug|Any CPU
		{3EDFD2A6-5E72-4EDB-95DC-289B3DC488A7}.Release|Any CPU.ActiveCfg = Release|Any CPU
		{3EDFD2A6-5E72-4EDB-95DC-289B3DC488A7}.Release|Any CPU.Build.0 = Release|Any CPU
		{3EDFD2A6-5E72-4EDB-95DC-289B3DC488A7}.Release|x64.ActiveCfg = Release|Any CPU
		{3EDFD2A6-5E72-4EDB-95DC-289B3DC488A7}.Release|x64.Build.0 = Release|Any CPU
		{3EDFD2A6-5E72-4EDB-95DC-289B3DC488A7}.Release|x86.ActiveCfg = Release|Any CPU
		{3EDFD2A6-5E72-4EDB-95DC-289B3DC488A7}.Release|x86.Build.0 = Release|Any CPU
		{F0FA5C4B-50D9-4DB3-934C-30CA0E429C31}.Debug|Any CPU.ActiveCfg = Debug|Any CPU
		{F0FA5C4B-50D9-4DB3-934C-30CA0E429C31}.Debug|Any CPU.Build.0 = Debug|Any CPU
		{F0FA5C4B-50D9-4DB3-934C-30CA0E429C31}.Debug|x64.ActiveCfg = Debug|Any CPU
		{F0FA5C4B-50D9-4DB3-934C-30CA0E429C31}.Debug|x64.Build.0 = Debug|Any CPU
		{F0FA5C4B-50D9-4DB3-934C-30CA0E429C31}.Debug|x86.ActiveCfg = Debug|Any CPU
		{F0FA5C4B-50D9-4DB3-934C-30CA0E429C31}.Debug|x86.Build.0 = Debug|Any CPU
		{F0FA5C4B-50D9-4DB3-934C-30CA0E429C31}.Release|Any CPU.ActiveCfg = Release|Any CPU
		{F0FA5C4B-50D9-4DB3-934C-30CA0E429C31}.Release|Any CPU.Build.0 = Release|Any CPU
		{F0FA5C4B-50D9-4DB3-934C-30CA0E429C31}.Release|x64.ActiveCfg = Release|Any CPU
		{F0FA5C4B-50D9-4DB3-934C-30CA0E429C31}.Release|x64.Build.0 = Release|Any CPU
		{F0FA5C4B-50D9-4DB3-934C-30CA0E429C31}.Release|x86.ActiveCfg = Release|Any CPU
		{F0FA5C4B-50D9-4DB3-934C-30CA0E429C31}.Release|x86.Build.0 = Release|Any CPU
		{5960EE98-AD05-4900-9A55-3FE9C2D04078}.Debug|Any CPU.ActiveCfg = Debug|Any CPU
		{5960EE98-AD05-4900-9A55-3FE9C2D04078}.Debug|Any CPU.Build.0 = Debug|Any CPU
		{5960EE98-AD05-4900-9A55-3FE9C2D04078}.Debug|x64.ActiveCfg = Debug|Any CPU
		{5960EE98-AD05-4900-9A55-3FE9C2D04078}.Debug|x64.Build.0 = Debug|Any CPU
		{5960EE98-AD05-4900-9A55-3FE9C2D04078}.Debug|x86.ActiveCfg = Debug|Any CPU
		{5960EE98-AD05-4900-9A55-3FE9C2D04078}.Debug|x86.Build.0 = Debug|Any CPU
		{5960EE98-AD05-4900-9A55-3FE9C2D04078}.Release|Any CPU.ActiveCfg = Release|Any CPU
		{5960EE98-AD05-4900-9A55-3FE9C2D04078}.Release|Any CPU.Build.0 = Release|Any CPU
		{5960EE98-AD05-4900-9A55-3FE9C2D04078}.Release|x64.ActiveCfg = Release|Any CPU
		{5960EE98-AD05-4900-9A55-3FE9C2D04078}.Release|x64.Build.0 = Release|Any CPU
		{5960EE98-AD05-4900-9A55-3FE9C2D04078}.Release|x86.ActiveCfg = Release|Any CPU
		{5960EE98-AD05-4900-9A55-3FE9C2D04078}.Release|x86.Build.0 = Release|Any CPU
		{D5F60017-2FB2-4227-8922-85E3996C3EFA}.Debug|Any CPU.ActiveCfg = Debug|Any CPU
		{D5F60017-2FB2-4227-8922-85E3996C3EFA}.Debug|Any CPU.Build.0 = Debug|Any CPU
		{D5F60017-2FB2-4227-8922-85E3996C3EFA}.Debug|x64.ActiveCfg = Debug|Any CPU
		{D5F60017-2FB2-4227-8922-85E3996C3EFA}.Debug|x64.Build.0 = Debug|Any CPU
		{D5F60017-2FB2-4227-8922-85E3996C3EFA}.Debug|x86.ActiveCfg = Debug|Any CPU
		{D5F60017-2FB2-4227-8922-85E3996C3EFA}.Debug|x86.Build.0 = Debug|Any CPU
		{D5F60017-2FB2-4227-8922-85E3996C3EFA}.Release|Any CPU.ActiveCfg = Release|Any CPU
		{D5F60017-2FB2-4227-8922-85E3996C3EFA}.Release|Any CPU.Build.0 = Release|Any CPU
		{D5F60017-2FB2-4227-8922-85E3996C3EFA}.Release|x64.ActiveCfg = Release|Any CPU
		{D5F60017-2FB2-4227-8922-85E3996C3EFA}.Release|x64.Build.0 = Release|Any CPU
		{D5F60017-2FB2-4227-8922-85E3996C3EFA}.Release|x86.ActiveCfg = Release|Any CPU
		{D5F60017-2FB2-4227-8922-85E3996C3EFA}.Release|x86.Build.0 = Release|Any CPU
		{B67E5176-C195-4D90-BA7C-F6538FBF5C20}.Debug|Any CPU.ActiveCfg = Debug|Any CPU
		{B67E5176-C195-4D90-BA7C-F6538FBF5C20}.Debug|Any CPU.Build.0 = Debug|Any CPU
		{B67E5176-C195-4D90-BA7C-F6538FBF5C20}.Debug|x64.ActiveCfg = Debug|Any CPU
		{B67E5176-C195-4D90-BA7C-F6538FBF5C20}.Debug|x64.Build.0 = Debug|Any CPU
		{B67E5176-C195-4D90-BA7C-F6538FBF5C20}.Debug|x86.ActiveCfg = Debug|Any CPU
		{B67E5176-C195-4D90-BA7C-F6538FBF5C20}.Debug|x86.Build.0 = Debug|Any CPU
		{B67E5176-C195-4D90-BA7C-F6538FBF5C20}.Release|Any CPU.ActiveCfg = Release|Any CPU
		{B67E5176-C195-4D90-BA7C-F6538FBF5C20}.Release|Any CPU.Build.0 = Release|Any CPU
		{B67E5176-C195-4D90-BA7C-F6538FBF5C20}.Release|x64.ActiveCfg = Release|Any CPU
		{B67E5176-C195-4D90-BA7C-F6538FBF5C20}.Release|x64.Build.0 = Release|Any CPU
		{B67E5176-C195-4D90-BA7C-F6538FBF5C20}.Release|x86.ActiveCfg = Release|Any CPU
		{B67E5176-C195-4D90-BA7C-F6538FBF5C20}.Release|x86.Build.0 = Release|Any CPU
		{664BC7AD-E4C8-4394-92E9-CF95A4AD7467}.Debug|Any CPU.ActiveCfg = Debug|Any CPU
		{664BC7AD-E4C8-4394-92E9-CF95A4AD7467}.Debug|Any CPU.Build.0 = Debug|Any CPU
		{664BC7AD-E4C8-4394-92E9-CF95A4AD7467}.Debug|x64.ActiveCfg = Debug|Any CPU
		{664BC7AD-E4C8-4394-92E9-CF95A4AD7467}.Debug|x64.Build.0 = Debug|Any CPU
		{664BC7AD-E4C8-4394-92E9-CF95A4AD7467}.Debug|x86.ActiveCfg = Debug|Any CPU
		{664BC7AD-E4C8-4394-92E9-CF95A4AD7467}.Debug|x86.Build.0 = Debug|Any CPU
		{664BC7AD-E4C8-4394-92E9-CF95A4AD7467}.Release|Any CPU.ActiveCfg = Release|Any CPU
		{664BC7AD-E4C8-4394-92E9-CF95A4AD7467}.Release|Any CPU.Build.0 = Release|Any CPU
		{664BC7AD-E4C8-4394-92E9-CF95A4AD7467}.Release|x64.ActiveCfg = Release|Any CPU
		{664BC7AD-E4C8-4394-92E9-CF95A4AD7467}.Release|x64.Build.0 = Release|Any CPU
		{664BC7AD-E4C8-4394-92E9-CF95A4AD7467}.Release|x86.ActiveCfg = Release|Any CPU
		{664BC7AD-E4C8-4394-92E9-CF95A4AD7467}.Release|x86.Build.0 = Release|Any CPU
	EndGlobalSection
	GlobalSection(SolutionProperties) = preSolution
		HideSolutionNode = FALSE
	EndGlobalSection
	GlobalSection(NestedProjects) = preSolution
		{98A4FC5C-0263-4812-8D38-2C570957597E} = {827E0CD3-B72D-47B6-A68D-7590B98EB39B}
		{E71BB3AA-D8F1-4434-A86D-C94E9F0AF3CE} = {827E0CD3-B72D-47B6-A68D-7590B98EB39B}
		{434919B4-A095-4B1C-AFB8-E83F9921DB00} = {827E0CD3-B72D-47B6-A68D-7590B98EB39B}
		{811AB498-BB6D-46AE-A5B0-CFBA96C7F503} = {827E0CD3-B72D-47B6-A68D-7590B98EB39B}
		{F112AAA1-67F5-4F60-963A-32930AC58284} = {827E0CD3-B72D-47B6-A68D-7590B98EB39B}
		{A4C20F96-20AD-40C7-90AB-6E1E972E02BE} = {827E0CD3-B72D-47B6-A68D-7590B98EB39B}
		{3EDFD2A6-5E72-4EDB-95DC-289B3DC488A7} = {0AB3BF05-4346-4AA6-1389-037BE0695223}
		{F0FA5C4B-50D9-4DB3-934C-30CA0E429C31} = {0AB3BF05-4346-4AA6-1389-037BE0695223}
		{5960EE98-AD05-4900-9A55-3FE9C2D04078} = {0AB3BF05-4346-4AA6-1389-037BE0695223}
		{D5F60017-2FB2-4227-8922-85E3996C3EFA} = {0AB3BF05-4346-4AA6-1389-037BE0695223}
		{B67E5176-C195-4D90-BA7C-F6538FBF5C20} = {0AB3BF05-4346-4AA6-1389-037BE0695223}
		{664BC7AD-E4C8-4394-92E9-CF95A4AD7467} = {0AB3BF05-4346-4AA6-1389-037BE0695223}
	EndGlobalSection
	GlobalSection(ExtensibilityGlobals) = postSolution
		SolutionGuid = {54B7E016-3CAE-4110-83FC-B812D835EC89}
	EndGlobalSection
EndGlobal
